// !$*UTF8*$!
{
	archiveVersion = 1;
	classes = {
	};
	objectVersion = 56;
	objects = {

/* Begin PBXBuildFile section */
		1D11FC7A2A73650900D3F383 /* AppDelegate.swift in Sources */ = {isa = PBXBuildFile; fileRef = 1D11FC792A73650900D3F383 /* AppDelegate.swift */; };
		1D11FC7C2A73650900D3F383 /* SceneDelegate.swift in Sources */ = {isa = PBXBuildFile; fileRef = 1D11FC7B2A73650900D3F383 /* SceneDelegate.swift */; };
		1D11FC7E2A73650900D3F383 /* ViewController.swift in Sources */ = {isa = PBXBuildFile; fileRef = 1D11FC7D2A73650900D3F383 /* ViewController.swift */; };
		1D11FC812A73650900D3F383 /* Main.storyboard in Resources */ = {isa = PBXBuildFile; fileRef = 1D11FC7F2A73650900D3F383 /* Main.storyboard */; };
		1D11FC832A73650B00D3F383 /* Assets.xcassets in Resources */ = {isa = PBXBuildFile; fileRef = 1D11FC822A73650B00D3F383 /* Assets.xcassets */; };
		1D11FC862A73650B00D3F383 /* LaunchScreen.storyboard in Resources */ = {isa = PBXBuildFile; fileRef = 1D11FC842A73650B00D3F383 /* LaunchScreen.storyboard */; };
		1D11FCB22A73C62B00D3F383 /* APIService.swift in Sources */ = {isa = PBXBuildFile; fileRef = 1D11FCB12A73C62B00D3F383 /* APIService.swift */; };
		1D11FCB42A73C6B100D3F383 /* Music.swift in Sources */ = {isa = PBXBuildFile; fileRef = 1D11FCB32A73C6B100D3F383 /* Music.swift */; };
		1D11FCB62A73C6CA00D3F383 /* DetailViewController.swift in Sources */ = {isa = PBXBuildFile; fileRef = 1D11FCB52A73C6CA00D3F383 /* DetailViewController.swift */; };
/* End PBXBuildFile section */

/* Begin PBXFileReference section */
		1D11FC762A73650900D3F383 /* MVCmusicApp.app */ = {isa = PBXFileReference; explicitFileType = wrapper.application; includeInIndex = 0; path = MVCmusicApp.app; sourceTree = BUILT_PRODUCTS_DIR; };
		1D11FC792A73650900D3F383 /* AppDelegate.swift */ = {isa = PBXFileReference; lastKnownFileType = sourcecode.swift; path = AppDelegate.swift; sourceTree = "<group>"; };
		1D11FC7B2A73650900D3F383 /* SceneDelegate.swift */ = {isa = PBXFileReference; lastKnownFileType = sourcecode.swift; path = SceneDelegate.swift; sourceTree = "<group>"; };
		1D11FC7D2A73650900D3F383 /* ViewController.swift */ = {isa = PBXFileReference; lastKnownFileType = sourcecode.swift; path = ViewController.swift; sourceTree = "<group>"; };
		1D11FC802A73650900D3F383 /* Base */ = {isa = PBXFileReference; lastKnownFileType = file.storyboard; name = Base; path = Base.lproj/Main.storyboard; sourceTree = "<group>"; };
		1D11FC822A73650B00D3F383 /* Assets.xcassets */ = {isa = PBXFileReference; lastKnownFileType = folder.assetcatalog; path = Assets.xcassets; sourceTree = "<group>"; };
		1D11FC852A73650B00D3F383 /* Base */ = {isa = PBXFileReference; lastKnownFileType = file.storyboard; name = Base; path = Base.lproj/LaunchScreen.storyboard; sourceTree = "<group>"; };
		1D11FC872A73650B00D3F383 /* Info.plist */ = {isa = PBXFileReference; lastKnownFileType = text.plist.xml; path = Info.plist; sourceTree = "<group>"; };
		1D11FCB12A73C62B00D3F383 /* APIService.swift */ = {isa = PBXFileReference; lastKnownFileType = sourcecode.swift; path = APIService.swift; sourceTree = "<group>"; };
		1D11FCB32A73C6B100D3F383 /* Music.swift */ = {isa = PBXFileReference; lastKnownFileType = sourcecode.swift; path = Music.swift; sourceTree = "<group>"; };
		1D11FCB52A73C6CA00D3F383 /* DetailViewController.swift */ = {isa = PBXFileReference; lastKnownFileType = sourcecode.swift; path = DetailViewController.swift; sourceTree = "<group>"; };
/* End PBXFileReference section */

/* Begin PBXFrameworksBuildPhase section */
		1D11FC732A73650900D3F383 /* Frameworks */ = {
			isa = PBXFrameworksBuildPhase;
			buildActionMask = 2147483647;
			files = (
			);
			runOnlyForDeploymentPostprocessing = 0;
		};
/* End PBXFrameworksBuildPhase section */

/* Begin PBXGroup section */
		1D11FC6D2A73650900D3F383 = {
			isa = PBXGroup;
			children = (
				1D11FC782A73650900D3F383 /* MVCmusicApp */,
				1D11FC772A73650900D3F383 /* Products */,
			);
			sourceTree = "<group>";
		};
		1D11FC772A73650900D3F383 /* Products */ = {
			isa = PBXGroup;
			children = (
				1D11FC762A73650900D3F383 /* MVCmusicApp.app */,
			);
			name = Products;
			sourceTree = "<group>";
		};
		1D11FC782A73650900D3F383 /* MVCmusicApp */ = {
			isa = PBXGroup;
			children = (
				1D11FC792A73650900D3F383 /* AppDelegate.swift */,
				1D11FC7B2A73650900D3F383 /* SceneDelegate.swift */,
				1D11FCB02A73C59500D3F383 /* APIService */,
				1D11FCAF2A73C58900D3F383 /* Models */,
				1D11FCAE2A73C58100D3F383 /* Views */,
				1D11FCAD2A73C57400D3F383 /* Controllers */,
				1D11FC822A73650B00D3F383 /* Assets.xcassets */,
				1D11FC842A73650B00D3F383 /* LaunchScreen.storyboard */,
				1D11FC872A73650B00D3F383 /* Info.plist */,
			);
			path = MVCmusicApp;
			sourceTree = "<group>";
		};
		1D11FCAD2A73C57400D3F383 /* Controllers */ = {
			isa = PBXGroup;
			children = (
				1D11FC7D2A73650900D3F383 /* ViewController.swift */,
				1D11FCB52A73C6CA00D3F383 /* DetailViewController.swift */,
			);
			path = Controllers;
			sourceTree = "<group>";
		};
		1D11FCAE2A73C58100D3F383 /* Views */ = {
			isa = PBXGroup;
			children = (
				1D11FC7F2A73650900D3F383 /* Main.storyboard */,
			);
			path = Views;
			sourceTree = "<group>";
		};
		1D11FCAF2A73C58900D3F383 /* Models */ = {
			isa = PBXGroup;
			children = (
				1D11FCB32A73C6B100D3F383 /* Music.swift */,
			);
			path = Models;
			sourceTree = "<group>";
		};
		1D11FCB02A73C59500D3F383 /* APIService */ = {
			isa = PBXGroup;
			children = (
				1D11FCB12A73C62B00D3F383 /* APIService.swift */,
			);
			path = APIService;
			sourceTree = "<group>";
		};
/* End PBXGroup section */

/* Begin PBXNativeTarget section */
		1D11FC752A73650900D3F383 /* MVCmusicApp */ = {
			isa = PBXNativeTarget;
			buildConfigurationList = 1D11FC8A2A73650B00D3F383 /* Build configuration list for PBXNativeTarget "MVCmusicApp" */;
			buildPhases = (
				1D11FC722A73650900D3F383 /* Sources */,
				1D11FC732A73650900D3F383 /* Frameworks */,
				1D11FC742A73650900D3F383 /* Resources */,
			);
			buildRules = (
			);
			dependencies = (
			);
			name = MVCmusicApp;
			productName = MVCmusicApp;
			productReference = 1D11FC762A73650900D3F383 /* MVCmusicApp.app */;
			productType = "com.apple.product-type.application";
		};
/* End PBXNativeTarget section */

/* Begin PBXProject section */
		1D11FC6E2A73650900D3F383 /* Project object */ = {
			isa = PBXProject;
			attributes = {
				BuildIndependentTargetsInParallel = 1;
				LastSwiftUpdateCheck = 1430;
				LastUpgradeCheck = 1430;
				TargetAttributes = {
					1D11FC752A73650900D3F383 = {
						CreatedOnToolsVersion = 14.3.1;
					};
				};
			};
			buildConfigurationList = 1D11FC712A73650900D3F383 /* Build configuration list for PBXProject "MVCmusicApp" */;
			compatibilityVersion = "Xcode 14.0";
			developmentRegion = en;
			hasScannedForEncodings = 0;
			knownRegions = (
				en,
				Base,
			);
			mainGroup = 1D11FC6D2A73650900D3F383;
			productRefGroup = 1D11FC772A73650900D3F383 /* Products */;
			projectDirPath = "";
			projectRoot = "";
			targets = (
				1D11FC752A73650900D3F383 /* MVCmusicApp */,
			);
		};
/* End PBXProject section */

/* Begin PBXResourcesBuildPhase section */
		1D11FC742A73650900D3F383 /* Resources */ = {
			isa = PBXResourcesBuildPhase;
			buildActionMask = 2147483647;
			files = (
				1D11FC862A73650B00D3F383 /* LaunchScreen.storyboard in Resources */,
				1D11FC832A73650B00D3F383 /* Assets.xcassets in Resources */,
				1D11FC812A73650900D3F383 /* Main.storyboard in Resources */,
			);
			runOnlyForDeploymentPostprocessing = 0;
		};
/* End PBXResourcesBuildPhase section */

/* Begin PBXSourcesBuildPhase section */
		1D11FC722A73650900D3F383 /* Sources */ = {
			isa = PBXSourcesBuildPhase;
			buildActionMask = 2147483647;
			files = (
				1D11FC7E2A73650900D3F383 /* ViewController.swift in Sources */,
				1D11FC7A2A73650900D3F383 /* AppDelegate.swift in Sources */,
				1D11FCB42A73C6B100D3F383 /* Music.swift in Sources */,
				1D11FCB62A73C6CA00D3F383 /* DetailViewController.swift in Sources */,
				1D11FCB22A73C62B00D3F383 /* APIService.swift in Sources */,
				1D11FC7C2A73650900D3F383 /* SceneDelegate.swift in Sources */,
			);
			runOnlyForDeploymentPostprocessing = 0;
		};
/* End PBXSourcesBuildPhase section */

/* Begin PBXVariantGroup section */
		1D11FC7F2A73650900D3F383 /* Main.storyboard */ = {
			isa = PBXVariantGroup;
			children = (
				1D11FC802A73650900D3F383 /* Base */,
			);
			name = Main.storyboard;
			sourceTree = "<group>";
		};
		1D11FC842A73650B00D3F383 /* LaunchScreen.storyboard */ = {
			isa = PBXVariantGroup;
			children = (
				1D11FC852A73650B00D3F383 /* Base */,
			);
			name = LaunchScreen.storyboard;
			sourceTree = "<group>";
		};
/* End PBXVariantGroup section */

/* Begin XCBuildConfiguration section */
		1D11FC882A73650B00D3F383 /* Debug */ = {
			isa = XCBuildConfiguration;
			buildSettings = {
				ALWAYS_SEARCH_USER_PATHS = NO;
				CLANG_ANALYZER_NONNULL = YES;
				CLANG_ANALYZER_NUMBER_OBJECT_CONVERSION = YES_AGGRESSIVE;
				CLANG_CXX_LANGUAGE_STANDARD = "gnu++20";
				CLANG_ENABLE_MODULES = YES;
				CLANG_ENABLE_OBJC_ARC = YES;
				CLANG_ENABLE_OBJC_WEAK = YES;
				CLANG_WARN_BLOCK_CAPTURE_AUTORELEASING = YES;
				CLANG_WARN_BOOL_CONVERSION = YES;
				CLANG_WARN_COMMA = YES;
				CLANG_WARN_CONSTANT_CONVERSION = YES;
				CLANG_WARN_DEPRECATED_OBJC_IMPLEMENTATIONS = YES;
				CLANG_WARN_DIRECT_OBJC_ISA_USAGE = YES_ERROR;
				CLANG_WARN_DOCUMENTATION_COMMENTS = YES;
				CLANG_WARN_EMPTY_BODY = YES;
				CLANG_WARN_ENUM_CONVERSION = YES;
				CLANG_WARN_INFINITE_RECURSION = YES;
				CLANG_WARN_INT_CONVERSION = YES;
				CLANG_WARN_NON_LITERAL_NULL_CONVERSION = YES;
				CLANG_WARN_OBJC_IMPLICIT_RETAIN_SELF = YES;
				CLANG_WARN_OBJC_LITERAL_CONVERSION = YES;
				CLANG_WARN_OBJC_ROOT_CLASS = YES_ERROR;
				CLANG_WARN_QUOTED_INCLUDE_IN_FRAMEWORK_HEADER = YES;
				CLANG_WARN_RANGE_LOOP_ANALYSIS = YES;
				CLANG_WARN_STRICT_PROTOTYPES = YES;
				CLANG_WARN_SUSPICIOUS_MOVE = YES;
				CLANG_WARN_UNGUARDED_AVAILABILITY = YES_AGGRESSIVE;
				CLANG_WARN_UNREACHABLE_CODE = YES;
				CLANG_WARN__DUPLICATE_METHOD_MATCH = YES;
				COPY_PHASE_STRIP = NO;
				DEBUG_INFORMATION_FORMAT = dwarf;
				ENABLE_STRICT_OBJC_MSGSEND = YES;
				ENABLE_TESTABILITY = YES;
				GCC_C_LANGUAGE_STANDARD = gnu11;
				GCC_DYNAMIC_NO_PIC = NO;
				GCC_NO_COMMON_BLOCKS = YES;
				GCC_OPTIMIZATION_LEVEL = 0;
				GCC_PREPROCESSOR_DEFINITIONS = (
					"DEBUG=1",
					"$(inherited)",
				);
				GCC_WARN_64_TO_32_BIT_CONVERSION = YES;
				GCC_WARN_ABOUT_RETURN_TYPE = YES_ERROR;
				GCC_WARN_UNDECLARED_SELECTOR = YES;
				GCC_WARN_UNINITIALIZED_AUTOS = YES_AGGRESSIVE;
				GCC_WARN_UNUSED_FUNCTION = YES;
				GCC_WARN_UNUSED_VARIABLE = YES;
				IPHONEOS_DEPLOYMENT_TARGET = 16.4;
				MTL_ENABLE_DEBUG_INFO = INCLUDE_SOURCE;
				MTL_FAST_MATH = YES;
				ONLY_ACTIVE_ARCH = YES;
				SDKROOT = iphoneos;
				SWIFT_ACTIVE_COMPILATION_CONDITIONS = DEBUG;
				SWIFT_OPTIMIZATION_LEVEL = "-Onone";
			};
			name = Debug;
		};
		1D11FC892A73650B00D3F383 /* Release */ = {
			isa = XCBuildConfiguration;
			buildSettings = {
				ALWAYS_SEARCH_USER_PATHS = NO;
				CLANG_ANALYZER_NONNULL = YES;
				CLANG_ANALYZER_NUMBER_OBJECT_CONVERSION = YES_AGGRESSIVE;
				CLANG_CXX_LANGUAGE_STANDARD = "gnu++20";
				CLANG_ENABLE_MODULES = YES;
				CLANG_ENABLE_OBJC_ARC = YES;
				CLANG_ENABLE_OBJC_WEAK = YES;
				CLANG_WARN_BLOCK_CAPTURE_AUTORELEASING = YES;
				CLANG_WARN_BOOL_CONVERSION = YES;
				CLANG_WARN_COMMA = YES;
				CLANG_WARN_CONSTANT_CONVERSION = YES;
				CLANG_WARN_DEPRECATED_OBJC_IMPLEMENTATIONS = YES;
				CLANG_WARN_DIRECT_OBJC_ISA_USAGE = YES_ERROR;
				CLANG_WARN_DOCUMENTATION_COMMENTS = YES;
				CLANG_WARN_EMPTY_BODY = YES;
				CLANG_WARN_ENUM_CONVERSION = YES;
				CLANG_WARN_INFINITE_RECURSION = YES;
				CLANG_WARN_INT_CONVERSION = YES;
				CLANG_WARN_NON_LITERAL_NULL_CONVERSION = YES;
				CLANG_WARN_OBJC_IMPLICIT_RETAIN_SELF = YES;
				CLANG_WARN_OBJC_LITERAL_CONVERSION = YES;
				CLANG_WARN_OBJC_ROOT_CLASS = YES_ERROR;
				CLANG_WARN_QUOTED_INCLUDE_IN_FRAMEWORK_HEADER = YES;
				CLANG_WARN_RANGE_LOOP_ANALYSIS = YES;
				CLANG_WARN_STRICT_PROTOTYPES = YES;
				CLANG_WARN_SUSPICIOUS_MOVE = YES;
				CLANG_WARN_UNGUARDED_AVAILABILITY = YES_AGGRESSIVE;
				CLANG_WARN_UNREACHABLE_CODE = YES;
				CLANG_WARN__DUPLICATE_METHOD_MATCH = YES;
				COPY_PHASE_STRIP = NO;
				DEBUG_INFORMATION_FORMAT = "dwarf-with-dsym";
				ENABLE_NS_ASSERTIONS = NO;
				ENABLE_STRICT_OBJC_MSGSEND = YES;
				GCC_C_LANGUAGE_STANDARD = gnu11;
				GCC_NO_COMMON_BLOCKS = YES;
				GCC_WARN_64_TO_32_BIT_CONVERSION = YES;
				GCC_WARN_ABOUT_RETURN_TYPE = YES_ERROR;
				GCC_WARN_UNDECLARED_SELECTOR = YES;
				GCC_WARN_UNINITIALIZED_AUTOS = YES_AGGRESSIVE;
				GCC_WARN_UNUSED_FUNCTION = YES;
				GCC_WARN_UNUSED_VARIABLE = YES;
				IPHONEOS_DEPLOYMENT_TARGET = 16.4;
				MTL_ENABLE_DEBUG_INFO = NO;
				MTL_FAST_MATH = YES;
				SDKROOT = iphoneos;
				SWIFT_COMPILATION_MODE = wholemodule;
				SWIFT_OPTIMIZATION_LEVEL = "-O";
				VALIDATE_PRODUCT = YES;
			};
			name = Release;
		};
		1D11FC8B2A73650B00D3F383 /* Debug */ = {
			isa = XCBuildConfiguration;
			buildSettings = {
				ASSETCATALOG_COMPILER_APPICON_NAME = AppIcon;
				ASSETCATALOG_COMPILER_GLOBAL_ACCENT_COLOR_NAME = AccentColor;
				CODE_SIGN_STYLE = Automatic;
				CURRENT_PROJECT_VERSION = 1;
				GENERATE_INFOPLIST_FILE = YES;
				INFOPLIST_FILE = MVCmusicApp/Info.plist;
				INFOPLIST_KEY_UIApplicationSupportsIndirectInputEvents = YES;
				INFOPLIST_KEY_UILaunchStoryboardName = LaunchScreen;
				INFOPLIST_KEY_UIMainStoryboardFile = Main;
				INFOPLIST_KEY_UISupportedInterfaceOrientations_iPad = "UIInterfaceOrientationPortrait UIInterfaceOrientationPortraitUpsideDown UIInterfaceOrientationLandscapeLeft UIInterfaceOrientationLandscapeRight";
				INFOPLIST_KEY_UISupportedInterfaceOrientations_iPhone = "UIInterfaceOrientationPortrait UIInterfaceOrientationLandscapeLeft UIInterfaceOrientationLandscapeRight";
				LD_RUNPATH_SEARCH_PATHS = (
					"$(inherited)",
					"@executable_path/Frameworks",
				);
				MARKETING_VERSION = 1.0;
				PRODUCT_BUNDLE_IDENTIFIER = com.Jhong.MVCmusicApp;
				PRODUCT_NAME = "$(TARGET_NAME)";
				SWIFT_EMIT_LOC_STRINGS = YES;
				SWIFT_VERSION = 5.0;
				TARGETED_DEVICE_FAMILY = "1,2";
			};
			name = Debug;
		};
		1D11FC8C2A73650B00D3F383 /* Release */ = {
			isa = XCBuildConfiguration;
			buildSettings = {
				ASSETCATALOG_COMPILER_APPICON_NAME = AppIcon;
				ASSETCATALOG_COMPILER_GLOBAL_ACCENT_COLOR_NAME = AccentColor;
				CODE_SIGN_STYLE = Automatic;
				CURRENT_PROJECT_VERSION = 1;
				GENERATE_INFOPLIST_FILE = YES;
				INFOPLIST_FILE = MVCmusicApp/Info.plist;
				INFOPLIST_KEY_UIApplicationSupportsIndirectInputEvents = YES;
				INFOPLIST_KEY_UILaunchStoryboardName = LaunchScreen;
				INFOPLIST_KEY_UIMainStoryboardFile = Main;
				INFOPLIST_KEY_UISupportedInterfaceOrientations_iPad = "UIInterfaceOrientationPortrait UIInterfaceOrientationPortraitUpsideDown UIInterfaceOrientationLandscapeLeft UIInterfaceOrientationLandscapeRight";
				INFOPLIST_KEY_UISupportedInterfaceOrientations_iPhone = "UIInterfaceOrientationPortrait UIInterfaceOrientationLandscapeLeft UIInterfaceOrientationLandscapeRight";
				LD_RUNPATH_SEARCH_PATHS = (
					"$(inherited)",
					"@executable_path/Frameworks",
				);
				MARKETING_VERSION = 1.0;
				PRODUCT_BUNDLE_IDENTIFIER = com.Jhong.MVCmusicApp;
				PRODUCT_NAME = "$(TARGET_NAME)";
				SWIFT_EMIT_LOC_STRINGS = YES;
				SWIFT_VERSION = 5.0;
				TARGETED_DEVICE_FAMILY = "1,2";
			};
			name = Release;
		};
/* End XCBuildConfiguration section */

/* Begin XCConfigurationList section */
		1D11FC712A73650900D3F383 /* Build configuration list for PBXProject "MVCmusicApp" */ = {
			isa = XCConfigurationList;
			buildConfigurations = (
				1D11FC882A73650B00D3F383 /* Debug */,
				1D11FC892A73650B00D3F383 /* Release */,
			);
			defaultConfigurationIsVisible = 0;
			defaultConfigurationName = Release;
		};
		1D11FC8A2A73650B00D3F383 /* Build configuration list for PBXNativeTarget "MVCmusicApp" */ = {
			isa = XCConfigurationList;
			buildConfigurations = (
				1D11FC8B2A73650B00D3F383 /* Debug */,
				1D11FC8C2A73650B00D3F383 /* Release */,
			);
			defaultConfigurationIsVisible = 0;
			defaultConfigurationName = Release;
		};
/* End XCConfigurationList section */
	};
	rootObject = 1D11FC6E2A73650900D3F383 /* Project object */;
}
